
Microsoft Visual Studio Solution File, Format Version 12.00
# Visual Studio Version 16
VisualStudioVersion = 16.0.31129.286
MinimumVisualStudioVersion = 10.0.40219.1
Project("{FAE04EC0-301F-11D3-BF4B-00C04F79EFBC}") = "Lab4Proxy", "Lab4Proxy.csproj", "{F19478E0-4DE9-40CC-9B67-D31025B7C7A1}"
EndProject
Global
	GlobalSection(SolutionConfigurationPlatforms) = preSolution
		Debug|Any CPU = Debug|Any CPU
		Release|Any CPU = Release|Any CPU
	EndGlobalSection
	GlobalSection(ProjectConfigurationPlatforms) = postSolution
		{F19478E0-4DE9-40CC-9B67-D31025B7C7A1}.Debug|Any CPU.ActiveCfg = Debug|Any CPU
		{F19478E0-4DE9-40CC-9B67-D31025B7C7A1}.Debug|Any CPU.Build.0 = Debug|Any CPU
		{F19478E0-4DE9-40CC-9B67-D31025B7C7A1}.Release|Any CPU.ActiveCfg = Release|Any CPU
		{F19478E0-4DE9-40CC-9B67-D31025B7C7A1}.Release|Any CPU.Build.0 = Release|Any CPU
	EndGlobalSection
	GlobalSection(SolutionProperties) = preSolution
		HideSolutionNode = FALSE
	EndGlobalSection
	GlobalSection(ExtensibilityGlobals) = postSolution
		SolutionGuid = {7A456DC8-C775-4850-B604-AB15AF807107}
	EndGlobalSection
EndGlobal
