
Microsoft Visual Studio Solution File, Format Version 12.00
# Visual Studio Version 16
VisualStudioVersion = 16.0.31005.135
MinimumVisualStudioVersion = 10.0.40219.1
Project("{FAE04EC0-301F-11D3-BF4B-00C04F79EFBC}") = "TaxiBus", "TaxiBus.csproj", "{7062969F-5E57-4780-8B44-032B4AABBC7B}"
EndProject
Global
	GlobalSection(SolutionConfigurationPlatforms) = preSolution
		Debug|Any CPU = Debug|Any CPU
		Release|Any CPU = Release|Any CPU
	EndGlobalSection
	GlobalSection(ProjectConfigurationPlatforms) = postSolution
		{7062969F-5E57-4780-8B44-032B4AABBC7B}.Debug|Any CPU.ActiveCfg = Debug|Any CPU
		{7062969F-5E57-4780-8B44-032B4AABBC7B}.Debug|Any CPU.Build.0 = Debug|Any CPU
		{7062969F-5E57-4780-8B44-032B4AABBC7B}.Release|Any CPU.ActiveCfg = Release|Any CPU
		{7062969F-5E57-4780-8B44-032B4AABBC7B}.Release|Any CPU.Build.0 = Release|Any CPU
	EndGlobalSection
	GlobalSection(SolutionProperties) = preSolution
		HideSolutionNode = FALSE
	EndGlobalSection
	GlobalSection(ExtensibilityGlobals) = postSolution
		SolutionGuid = {806CA21F-38C2-4254-AEBB-3F22C550A1D7}
	EndGlobalSection
EndGlobal
